
Microsoft Visual Studio Solution File, Format Version 12.00
# Visual Studio Version 17
VisualStudioVersion = 17.5.002.0
MinimumVisualStudioVersion = 10.0.40219.1
Project("{9A19103F-16F7-4668-BE54-9A1E7A4F7556}") = "Rest-Api", "Rest-Api.csproj", "{F3583736-FD85-4EE5-B71E-39435483F7F1}"
EndProject
Global
	GlobalSection(SolutionConfigurationPlatforms) = preSolution
		Debug|Any CPU = Debug|Any CPU
		Release|Any CPU = Release|Any CPU
	EndGlobalSection
	GlobalSection(ProjectConfigurationPlatforms) = postSolution
		{F3583736-FD85-4EE5-B71E-39435483F7F1}.Debug|Any CPU.ActiveCfg = Debug|Any CPU
		{F3583736-FD85-4EE5-B71E-39435483F7F1}.Debug|Any CPU.Build.0 = Debug|Any CPU
		{F3583736-FD85-4EE5-B71E-39435483F7F1}.Release|Any CPU.ActiveCfg = Release|Any CPU
		{F3583736-FD85-4EE5-B71E-39435483F7F1}.Release|Any CPU.Build.0 = Release|Any CPU
	EndGlobalSection
	GlobalSection(SolutionProperties) = preSolution
		HideSolutionNode = FALSE
	EndGlobalSection
	GlobalSection(ExtensibilityGlobals) = postSolution
		SolutionGuid = {DA231C4E-73DC-4A7D-A0D2-2DB3BDAE530F}
	EndGlobalSection
EndGlobal
